
Microsoft Visual Studio Solution File, Format Version 10.00
# Visual C++ Express 2008
Project("{8BC9CEB8-8B4A-11D0-8D11-00A0C91BC942}") = "GenerateHelp", "GenerateHelp.vcproj", "{D96EDDC3-12C7-481E-BCF7-6B31D0AE2FC2}"
EndProject
Global
	GlobalSection(SolutionConfigurationPlatforms) = preSolution
		Debug|Win32 = Debug|Win32
		Release|Win32 = Release|Win32
		Unicode Debug|Win32 = Unicode Debug|Win32
		Unicode Release|Win32 = Unicode Release|Win32
	EndGlobalSection
	GlobalSection(ProjectConfigurationPlatforms) = postSolution
		{D96EDDC3-12C7-481E-BCF7-6B31D0AE2FC2}.Debug|Win32.ActiveCfg = Debug|Win32
		{D96EDDC3-12C7-481E-BCF7-6B31D0AE2FC2}.Debug|Win32.Build.0 = Debug|Win32
		{D96EDDC3-12C7-481E-BCF7-6B31D0AE2FC2}.Release|Win32.ActiveCfg = Release|Win32
		{D96EDDC3-12C7-481E-BCF7-6B31D0AE2FC2}.Release|Win32.Build.0 = Release|Win32
		{D96EDDC3-12C7-481E-BCF7-6B31D0AE2FC2}.Unicode Debug|Win32.ActiveCfg = Unicode Debug|Win32
		{D96EDDC3-12C7-481E-BCF7-6B31D0AE2FC2}.Unicode Debug|Win32.Build.0 = Unicode Debug|Win32
		{D96EDDC3-12C7-481E-BCF7-6B31D0AE2FC2}.Unicode Release|Win32.ActiveCfg = Unicode Release|Win32
		{D96EDDC3-12C7-481E-BCF7-6B31D0AE2FC2}.Unicode Release|Win32.Build.0 = Unicode Release|Win32
	EndGlobalSection
	GlobalSection(SolutionProperties) = preSolution
		HideSolutionNode = FALSE
	EndGlobalSection
EndGlobal
